
Microsoft Visual Studio Solution File, Format Version 12.00
# Visual Studio Version 17
VisualStudioVersion = 17.0.31919.166
MinimumVisualStudioVersion = 10.0.40219.1
Project("{FAE04EC0-301F-11D3-BF4B-00C04F79EFBC}") = "HttpDelegator", "HttpDelegator\HttpDelegator.csproj", "{C812D352-8D0F-4EA7-86CB-5BDFC8B27A86}"
EndProject
Project("{FAE04EC0-301F-11D3-BF4B-00C04F79EFBC}") = "HttpWorker1", "HttpWorker1\HttpWorker1.csproj", "{D618CF29-0EA4-4754-B6E3-4A50371C8FB1}"
EndProject
Project("{FAE04EC0-301F-11D3-BF4B-00C04F79EFBC}") = "HttpWorker2", "HttpWorker2\HttpWorker2.csproj", "{2B503993-F68E-429A-80D4-3F2FCE3D7F55}"
EndProject
Global
	GlobalSection(SolutionConfigurationPlatforms) = preSolution
		Debug|Any CPU = Debug|Any CPU
		Release|Any CPU = Release|Any CPU
	EndGlobalSection
	GlobalSection(ProjectConfigurationPlatforms) = postSolution
		{C812D352-8D0F-4EA7-86CB-5BDFC8B27A86}.Debug|Any CPU.ActiveCfg = Debug|Any CPU
		{C812D352-8D0F-4EA7-86CB-5BDFC8B27A86}.Debug|Any CPU.Build.0 = Debug|Any CPU
		{C812D352-8D0F-4EA7-86CB-5BDFC8B27A86}.Release|Any CPU.ActiveCfg = Release|Any CPU
		{C812D352-8D0F-4EA7-86CB-5BDFC8B27A86}.Release|Any CPU.Build.0 = Release|Any CPU
		{D618CF29-0EA4-4754-B6E3-4A50371C8FB1}.Debug|Any CPU.ActiveCfg = Debug|Any CPU
		{D618CF29-0EA4-4754-B6E3-4A50371C8FB1}.Debug|Any CPU.Build.0 = Debug|Any CPU
		{D618CF29-0EA4-4754-B6E3-4A50371C8FB1}.Release|Any CPU.ActiveCfg = Release|Any CPU
		{D618CF29-0EA4-4754-B6E3-4A50371C8FB1}.Release|Any CPU.Build.0 = Release|Any CPU
		{2B503993-F68E-429A-80D4-3F2FCE3D7F55}.Debug|Any CPU.ActiveCfg = Debug|Any CPU
		{2B503993-F68E-429A-80D4-3F2FCE3D7F55}.Debug|Any CPU.Build.0 = Debug|Any CPU
		{2B503993-F68E-429A-80D4-3F2FCE3D7F55}.Release|Any CPU.ActiveCfg = Release|Any CPU
		{2B503993-F68E-429A-80D4-3F2FCE3D7F55}.Release|Any CPU.Build.0 = Release|Any CPU
	EndGlobalSection
	GlobalSection(SolutionProperties) = preSolution
		HideSolutionNode = FALSE
	EndGlobalSection
	GlobalSection(ExtensibilityGlobals) = postSolution
		SolutionGuid = {83EA4763-086D-4C55-861B-AB27F097A27D}
	EndGlobalSection
EndGlobal
